
Microsoft Visual Studio Solution File, Format Version 12.00
# Visual Studio Version 17
VisualStudioVersion = 17.0.31903.59
MinimumVisualStudioVersion = 10.0.40219.1
Project("{2150E333-8FDC-42A3-9474-1A3956D46DE8}") = "src", "src", "{827E0CD3-B72D-47B6-A68D-7590B98EB39B}"
EndProject
Project("{FAE04EC0-301F-11D3-BF4B-00C04F79EFBC}") = "Ingressa.Api", "src\Ingressa.Api\Ingressa.Api.csproj", "{1576C0DF-7C92-43F4-B3EF-FCC299AF3D7C}"
EndProject
Project("{FAE04EC0-301F-11D3-BF4B-00C04F79EFBC}") = "Ingressa.Application", "src\Ingressa.Application\Ingressa.Application.csproj", "{5C1B387B-BBA4-4BA9-852A-BE4E7169A214}"
EndProject
Project("{FAE04EC0-301F-11D3-BF4B-00C04F79EFBC}") = "Ingressa.Domain", "src\Ingressa.Domain\Ingressa.Domain.csproj", "{B0AC80A1-8E45-49D0-837A-C9F8A043C1A1}"
EndProject
Project("{FAE04EC0-301F-11D3-BF4B-00C04F79EFBC}") = "Ingressa.Infrastructure", "src\Ingressa.Infrastructure\Ingressa.Infrastructure.csproj", "{C4D58937-EBA3-4B4D-B512-450A5F1A71E9}"
EndProject
Project("{FAE04EC0-301F-11D3-BF4B-00C04F79EFBC}") = "Ingressa.Worker", "src\Ingressa.Worker\Ingressa.Worker.csproj", "{3CB54EEC-1508-442E-8417-6A2070A1D838}"
EndProject
Project("{2150E333-8FDC-42A3-9474-1A3956D46DE8}") = "tests", "tests", "{0AB3BF05-4346-4AA6-1389-037BE0695223}"
EndProject
Project("{FAE04EC0-301F-11D3-BF4B-00C04F79EFBC}") = "Ingressa.Api.IntegrationTests", "tests\Ingressa.Api.IntegrationTests\Ingressa.Api.IntegrationTests.csproj", "{A58FDDB8-6B89-4464-AD26-845F52526AF9}"
EndProject
Project("{FAE04EC0-301F-11D3-BF4B-00C04F79EFBC}") = "Ingressa.Application.Tests", "tests\Ingressa.Application.Tests\Ingressa.Application.Tests.csproj", "{74445A80-2F74-406A-AFF8-F7E3875FA28F}"
EndProject
Project("{FAE04EC0-301F-11D3-BF4B-00C04F79EFBC}") = "Ingressa.Domain.Tests", "tests\Ingressa.Domain.Tests\Ingressa.Domain.Tests.csproj", "{6F6F26C9-88C8-439E-BF2D-BAC99E1F8F7C}"
EndProject
Global
	GlobalSection(SolutionConfigurationPlatforms) = preSolution
		Debug|Any CPU = Debug|Any CPU
		Debug|x64 = Debug|x64
		Debug|x86 = Debug|x86
		Release|Any CPU = Release|Any CPU
		Release|x64 = Release|x64
		Release|x86 = Release|x86
	EndGlobalSection
	GlobalSection(ProjectConfigurationPlatforms) = postSolution
		{1576C0DF-7C92-43F4-B3EF-FCC299AF3D7C}.Debug|Any CPU.ActiveCfg = Debug|Any CPU
		{1576C0DF-7C92-43F4-B3EF-FCC299AF3D7C}.Debug|Any CPU.Build.0 = Debug|Any CPU
		{1576C0DF-7C92-43F4-B3EF-FCC299AF3D7C}.Debug|x64.ActiveCfg = Debug|Any CPU
		{1576C0DF-7C92-43F4-B3EF-FCC299AF3D7C}.Debug|x64.Build.0 = Debug|Any CPU
		{1576C0DF-7C92-43F4-B3EF-FCC299AF3D7C}.Debug|x86.ActiveCfg = Debug|Any CPU
		{1576C0DF-7C92-43F4-B3EF-FCC299AF3D7C}.Debug|x86.Build.0 = Debug|Any CPU
		{1576C0DF-7C92-43F4-B3EF-FCC299AF3D7C}.Release|Any CPU.ActiveCfg = Release|Any CPU
		{1576C0DF-7C92-43F4-B3EF-FCC299AF3D7C}.Release|Any CPU.Build.0 = Release|Any CPU
		{1576C0DF-7C92-43F4-B3EF-FCC299AF3D7C}.Release|x64.ActiveCfg = Release|Any CPU
		{1576C0DF-7C92-43F4-B3EF-FCC299AF3D7C}.Release|x64.Build.0 = Release|Any CPU
		{1576C0DF-7C92-43F4-B3EF-FCC299AF3D7C}.Release|x86.ActiveCfg = Release|Any CPU
		{1576C0DF-7C92-43F4-B3EF-FCC299AF3D7C}.Release|x86.Build.0 = Release|Any CPU
		{5C1B387B-BBA4-4BA9-852A-BE4E7169A214}.Debug|Any CPU.ActiveCfg = Debug|Any CPU
		{5C1B387B-BBA4-4BA9-852A-BE4E7169A214}.Debug|Any CPU.Build.0 = Debug|Any CPU
		{5C1B387B-BBA4-4BA9-852A-BE4E7169A214}.Debug|x64.ActiveCfg = Debug|Any CPU
		{5C1B387B-BBA4-4BA9-852A-BE4E7169A214}.Debug|x64.Build.0 = Debug|Any CPU
		{5C1B387B-BBA4-4BA9-852A-BE4E7169A214}.Debug|x86.ActiveCfg = Debug|Any CPU
		{5C1B387B-BBA4-4BA9-852A-BE4E7169A214}.Debug|x86.Build.0 = Debug|Any CPU
		{5C1B387B-BBA4-4BA9-852A-BE4E7169A214}.Release|Any CPU.ActiveCfg = Release|Any CPU
		{5C1B387B-BBA4-4BA9-852A-BE4E7169A214}.Release|Any CPU.Build.0 = Release|Any CPU
		{5C1B387B-BBA4-4BA9-852A-BE4E7169A214}.Release|x64.ActiveCfg = Release|Any CPU
		{5C1B387B-BBA4-4BA9-852A-BE4E7169A214}.Release|x64.Build.0 = Release|Any CPU
		{5C1B387B-BBA4-4BA9-852A-BE4E7169A214}.Release|x86.ActiveCfg = Release|Any CPU
		{5C1B387B-BBA4-4BA9-852A-BE4E7169A214}.Release|x86.Build.0 = Release|Any CPU
		{B0AC80A1-8E45-49D0-837A-C9F8A043C1A1}.Debug|Any CPU.ActiveCfg = Debug|Any CPU
		{B0AC80A1-8E45-49D0-837A-C9F8A043C1A1}.Debug|Any CPU.Build.0 = Debug|Any CPU
		{B0AC80A1-8E45-49D0-837A-C9F8A043C1A1}.Debug|x64.ActiveCfg = Debug|Any CPU
		{B0AC80A1-8E45-49D0-837A-C9F8A043C1A1}.Debug|x64.Build.0 = Debug|Any CPU
		{B0AC80A1-8E45-49D0-837A-C9F8A043C1A1}.Debug|x86.ActiveCfg = Debug|Any CPU
		{B0AC80A1-8E45-49D0-837A-C9F8A043C1A1}.Debug|x86.Build.0 = Debug|Any CPU
		{B0AC80A1-8E45-49D0-837A-C9F8A043C1A1}.Release|Any CPU.ActiveCfg = Release|Any CPU
		{B0AC80A1-8E45-49D0-837A-C9F8A043C1A1}.Release|Any CPU.Build.0 = Release|Any CPU
		{B0AC80A1-8E45-49D0-837A-C9F8A043C1A1}.Release|x64.ActiveCfg = Release|Any CPU
		{B0AC80A1-8E45-49D0-837A-C9F8A043C1A1}.Release|x64.Build.0 = Release|Any CPU
		{B0AC80A1-8E45-49D0-837A-C9F8A043C1A1}.Release|x86.ActiveCfg = Release|Any CPU
		{B0AC80A1-8E45-49D0-837A-C9F8A043C1A1}.Release|x86.Build.0 = Release|Any CPU
		{C4D58937-EBA3-4B4D-B512-450A5F1A71E9}.Debug|Any CPU.ActiveCfg = Debug|Any CPU
		{C4D58937-EBA3-4B4D-B512-450A5F1A71E9}.Debug|Any CPU.Build.0 = Debug|Any CPU
		{C4D58937-EBA3-4B4D-B512-450A5F1A71E9}.Debug|x64.ActiveCfg = Debug|Any CPU
		{C4D58937-EBA3-4B4D-B512-450A5F1A71E9}.Debug|x64.Build.0 = Debug|Any CPU
		{C4D58937-EBA3-4B4D-B512-450A5F1A71E9}.Debug|x86.ActiveCfg = Debug|Any CPU
		{C4D58937-EBA3-4B4D-B512-450A5F1A71E9}.Debug|x86.Build.0 = Debug|Any CPU
		{C4D58937-EBA3-4B4D-B512-450A5F1A71E9}.Release|Any CPU.ActiveCfg = Release|Any CPU
		{C4D58937-EBA3-4B4D-B512-450A5F1A71E9}.Release|Any CPU.Build.0 = Release|Any CPU
		{C4D58937-EBA3-4B4D-B512-450A5F1A71E9}.Release|x64.ActiveCfg = Release|Any CPU
		{C4D58937-EBA3-4B4D-B512-450A5F1A71E9}.Release|x64.Build.0 = Release|Any CPU
		{C4D58937-EBA3-4B4D-B512-450A5F1A71E9}.Release|x86.ActiveCfg = Release|Any CPU
		{C4D58937-EBA3-4B4D-B512-450A5F1A71E9}.Release|x86.Build.0 = Release|Any CPU
		{3CB54EEC-1508-442E-8417-6A2070A1D838}.Debug|Any CPU.ActiveCfg = Debug|Any CPU
		{3CB54EEC-1508-442E-8417-6A2070A1D838}.Debug|Any CPU.Build.0 = Debug|Any CPU
		{3CB54EEC-1508-442E-8417-6A2070A1D838}.Debug|x64.ActiveCfg = Debug|Any CPU
		{3CB54EEC-1508-442E-8417-6A2070A1D838}.Debug|x64.Build.0 = Debug|Any CPU
		{3CB54EEC-1508-442E-8417-6A2070A1D838}.Debug|x86.ActiveCfg = Debug|Any CPU
		{3CB54EEC-1508-442E-8417-6A2070A1D838}.Debug|x86.Build.0 = Debug|Any CPU
		{3CB54EEC-1508-442E-8417-6A2070A1D838}.Release|Any CPU.ActiveCfg = Release|Any CPU
		{3CB54EEC-1508-442E-8417-6A2070A1D838}.Release|Any CPU.Build.0 = Release|Any CPU
		{3CB54EEC-1508-442E-8417-6A2070A1D838}.Release|x64.ActiveCfg = Release|Any CPU
		{3CB54EEC-1508-442E-8417-6A2070A1D838}.Release|x64.Build.0 = Release|Any CPU
		{3CB54EEC-1508-442E-8417-6A2070A1D838}.Release|x86.ActiveCfg = Release|Any CPU
		{3CB54EEC-1508-442E-8417-6A2070A1D838}.Release|x86.Build.0 = Release|Any CPU
		{A58FDDB8-6B89-4464-AD26-845F52526AF9}.Debug|Any CPU.ActiveCfg = Debug|Any CPU
		{A58FDDB8-6B89-4464-AD26-845F52526AF9}.Debug|Any CPU.Build.0 = Debug|Any CPU
		{A58FDDB8-6B89-4464-AD26-845F52526AF9}.Debug|x64.ActiveCfg = Debug|Any CPU
		{A58FDDB8-6B89-4464-AD26-845F52526AF9}.Debug|x64.Build.0 = Debug|Any CPU
		{A58FDDB8-6B89-4464-AD26-845F52526AF9}.Debug|x86.ActiveCfg = Debug|Any CPU
		{A58FDDB8-6B89-4464-AD26-845F52526AF9}.Debug|x86.Build.0 = Debug|Any CPU
		{A58FDDB8-6B89-4464-AD26-845F52526AF9}.Release|Any CPU.ActiveCfg = Release|Any CPU
		{A58FDDB8-6B89-4464-AD26-845F52526AF9}.Release|Any CPU.Build.0 = Release|Any CPU
		{A58FDDB8-6B89-4464-AD26-845F52526AF9}.Release|x64.ActiveCfg = Release|Any CPU
		{A58FDDB8-6B89-4464-AD26-845F52526AF9}.Release|x64.Build.0 = Release|Any CPU
		{A58FDDB8-6B89-4464-AD26-845F52526AF9}.Release|x86.ActiveCfg = Release|Any CPU
		{A58FDDB8-6B89-4464-AD26-845F52526AF9}.Release|x86.Build.0 = Release|Any CPU
		{74445A80-2F74-406A-AFF8-F7E3875FA28F}.Debug|Any CPU.ActiveCfg = Debug|Any CPU
		{74445A80-2F74-406A-AFF8-F7E3875FA28F}.Debug|Any CPU.Build.0 = Debug|Any CPU
		{74445A80-2F74-406A-AFF8-F7E3875FA28F}.Debug|x64.ActiveCfg = Debug|Any CPU
		{74445A80-2F74-406A-AFF8-F7E3875FA28F}.Debug|x64.Build.0 = Debug|Any CPU
		{74445A80-2F74-406A-AFF8-F7E3875FA28F}.Debug|x86.ActiveCfg = Debug|Any CPU
		{74445A80-2F74-406A-AFF8-F7E3875FA28F}.Debug|x86.Build.0 = Debug|Any CPU
		{74445A80-2F74-406A-AFF8-F7E3875FA28F}.Release|Any CPU.ActiveCfg = Release|Any CPU
		{74445A80-2F74-406A-AFF8-F7E3875FA28F}.Release|Any CPU.Build.0 = Release|Any CPU
		{74445A80-2F74-406A-AFF8-F7E3875FA28F}.Release|x64.ActiveCfg = Release|Any CPU
		{74445A80-2F74-406A-AFF8-F7E3875FA28F}.Release|x64.Build.0 = Release|Any CPU
		{74445A80-2F74-406A-AFF8-F7E3875FA28F}.Release|x86.ActiveCfg = Release|Any CPU
		{74445A80-2F74-406A-AFF8-F7E3875FA28F}.Release|x86.Build.0 = Release|Any CPU
		{6F6F26C9-88C8-439E-BF2D-BAC99E1F8F7C}.Debug|Any CPU.ActiveCfg = Debug|Any CPU
		{6F6F26C9-88C8-439E-BF2D-BAC99E1F8F7C}.Debug|Any CPU.Build.0 = Debug|Any CPU
		{6F6F26C9-88C8-439E-BF2D-BAC99E1F8F7C}.Debug|x64.ActiveCfg = Debug|Any CPU
		{6F6F26C9-88C8-439E-BF2D-BAC99E1F8F7C}.Debug|x64.Build.0 = Debug|Any CPU
		{6F6F26C9-88C8-439E-BF2D-BAC99E1F8F7C}.Debug|x86.ActiveCfg = Debug|Any CPU
		{6F6F26C9-88C8-439E-BF2D-BAC99E1F8F7C}.Debug|x86.Build.0 = Debug|Any CPU
		{6F6F26C9-88C8-439E-BF2D-BAC99E1F8F7C}.Release|Any CPU.ActiveCfg = Release|Any CPU
		{6F6F26C9-88C8-439E-BF2D-BAC99E1F8F7C}.Release|Any CPU.Build.0 = Release|Any CPU
		{6F6F26C9-88C8-439E-BF2D-BAC99E1F8F7C}.Release|x64.ActiveCfg = Release|Any CPU
		{6F6F26C9-88C8-439E-BF2D-BAC99E1F8F7C}.Release|x64.Build.0 = Release|Any CPU
		{6F6F26C9-88C8-439E-BF2D-BAC99E1F8F7C}.Release|x86.ActiveCfg = Release|Any CPU
		{6F6F26C9-88C8-439E-BF2D-BAC99E1F8F7C}.Release|x86.Build.0 = Release|Any CPU
	EndGlobalSection
	GlobalSection(SolutionProperties) = preSolution
		HideSolutionNode = FALSE
	EndGlobalSection
	GlobalSection(NestedProjects) = preSolution
		{1576C0DF-7C92-43F4-B3EF-FCC299AF3D7C} = {827E0CD3-B72D-47B6-A68D-7590B98EB39B}
		{5C1B387B-BBA4-4BA9-852A-BE4E7169A214} = {827E0CD3-B72D-47B6-A68D-7590B98EB39B}
		{B0AC80A1-8E45-49D0-837A-C9F8A043C1A1} = {827E0CD3-B72D-47B6-A68D-7590B98EB39B}
		{C4D58937-EBA3-4B4D-B512-450A5F1A71E9} = {827E0CD3-B72D-47B6-A68D-7590B98EB39B}
		{3CB54EEC-1508-442E-8417-6A2070A1D838} = {827E0CD3-B72D-47B6-A68D-7590B98EB39B}
		{A58FDDB8-6B89-4464-AD26-845F52526AF9} = {0AB3BF05-4346-4AA6-1389-037BE0695223}
		{74445A80-2F74-406A-AFF8-F7E3875FA28F} = {0AB3BF05-4346-4AA6-1389-037BE0695223}
		{6F6F26C9-88C8-439E-BF2D-BAC99E1F8F7C} = {0AB3BF05-4346-4AA6-1389-037BE0695223}
	EndGlobalSection
EndGlobal
